
Microsoft Visual Studio Solution File, Format Version 12.00
# Visual Studio Version 17
VisualStudioVersion = 17.3.32929.385
MinimumVisualStudioVersion = 10.0.40219.1
Project("{FAE04EC0-301F-11D3-BF4B-00C04F79EFBC}") = "Task2", "Task2.csproj", "{39D26491-27FB-43C8-A63C-35CDE9CF1F79}"
EndProject
Global
	GlobalSection(SolutionConfigurationPlatforms) = preSolution
		Debug|Any CPU = Debug|Any CPU
		Release|Any CPU = Release|Any CPU
	EndGlobalSection
	GlobalSection(ProjectConfigurationPlatforms) = postSolution
		{39D26491-27FB-43C8-A63C-35CDE9CF1F79}.Debug|Any CPU.ActiveCfg = Debug|Any CPU
		{39D26491-27FB-43C8-A63C-35CDE9CF1F79}.Debug|Any CPU.Build.0 = Debug|Any CPU
		{39D26491-27FB-43C8-A63C-35CDE9CF1F79}.Release|Any CPU.ActiveCfg = Release|Any CPU
		{39D26491-27FB-43C8-A63C-35CDE9CF1F79}.Release|Any CPU.Build.0 = Release|Any CPU
	EndGlobalSection
	GlobalSection(SolutionProperties) = preSolution
		HideSolutionNode = FALSE
	EndGlobalSection
	GlobalSection(ExtensibilityGlobals) = postSolution
		SolutionGuid = {A5B4EF11-F869-4B1E-BDD1-3C284A010C1B}
	EndGlobalSection
EndGlobal
